
Microsoft Visual Studio Solution File, Format Version 12.00
# Visual Studio Version 17
VisualStudioVersion = 17.5.33414.496
MinimumVisualStudioVersion = 10.0.40219.1
Project("{9A19103F-16F7-4668-BE54-9A1E7A4F7556}") = "ProjectFox.CoreEngine", "ProjectFox.CoreEngine\ProjectFox.CoreEngine.csproj", "{160D082D-0CBF-4FD8-B55E-6115021E0DCF}"
EndProject
Project("{9A19103F-16F7-4668-BE54-9A1E7A4F7556}") = "ProjectFox.TestBed", "ProjectFox.TestBed\ProjectFox.TestBed.csproj", "{5E8C6D29-E4AF-4682-80A5-6003A4558C69}"
EndProject
Project("{9A19103F-16F7-4668-BE54-9A1E7A4F7556}") = "ProjectFox.GameEngine", "ProjectFox.GameEngine\ProjectFox.GameEngine.csproj", "{1B45151E-73CC-405E-A2AB-CA2F996800B2}"
EndProject
Project("{9A19103F-16F7-4668-BE54-9A1E7A4F7556}") = "CookieBot", "CookieBot\CookieBot.csproj", "{C2831E3B-E810-4D9B-89DC-AD953EE65C5C}"
EndProject
Project("{9A19103F-16F7-4668-BE54-9A1E7A4F7556}") = "ProjectFox.Windows", "ProjectFox.Windows\ProjectFox.Windows.csproj", "{CD9DC77A-87D2-4ADE-B412-56C2CC575453}"
EndProject
Project("{9A19103F-16F7-4668-BE54-9A1E7A4F7556}") = "ReactiveAvatar", "ReactiveAvatar\ReactiveAvatar.csproj", "{3D74692E-8D49-4160-873B-79FCE4772DDC}"
EndProject
Project("{2150E333-8FDC-42A3-9474-1A3956D46DE8}") = "Solution Items", "Solution Items", "{DCE5C492-6B68-4A27-84FB-6A7632A70A06}"
	ProjectSection(SolutionItems) = preProject
		.gitignore = .gitignore
		EngineNotes.md = EngineNotes.md
		EngineNotes.txt = EngineNotes.txt
		README.md = README.md
	EndProjectSection
EndProject
Project("{9A19103F-16F7-4668-BE54-9A1E7A4F7556}") = "ProjectFox.NAudio", "ProjectFox.NAudio\ProjectFox.NAudio.csproj", "{80814731-FF0D-4E2C-9444-E0330FC7F09E}"
EndProject
Project("{9A19103F-16F7-4668-BE54-9A1E7A4F7556}") = "ProjectFox.HidApi", "ProjectFox.HidApi\ProjectFox.HidApi.csproj", "{EFE5D36D-7DC2-4EE4-A614-DC56BDB2D078}"
EndProject
Project("{9A19103F-16F7-4668-BE54-9A1E7A4F7556}") = "VSNoodleKnight", "VSNoodleKnight\VSNoodleKnight.csproj", "{C0807A5B-D26C-478A-9ECE-66016D508621}"
EndProject
Project("{9A19103F-16F7-4668-BE54-9A1E7A4F7556}") = "GamepadMapper", "GamepadMapper\GamepadMapper.csproj", "{C51A16D0-AC8A-45CC-9AE9-4456FA1983B8}"
EndProject
Project("{9A19103F-16F7-4668-BE54-9A1E7A4F7556}") = "ProjectFox.NES", "ProjectFox.NES\ProjectFox.NES.csproj", "{61D28B9B-D7BC-4178-8D4A-DFBAF79246D7}"
EndProject
Project("{FAE04EC0-301F-11D3-BF4B-00C04F79EFBC}") = "StreamTactics", "StreamTactics\StreamTactics.csproj", "{EAB9822D-E5E0-4C4F-96EA-02312ED980E3}"
EndProject
Global
	GlobalSection(SolutionConfigurationPlatforms) = preSolution
		Debug|Any CPU = Debug|Any CPU
		Release|Any CPU = Release|Any CPU
	EndGlobalSection
	GlobalSection(ProjectConfigurationPlatforms) = postSolution
		{160D082D-0CBF-4FD8-B55E-6115021E0DCF}.Debug|Any CPU.ActiveCfg = Debug|Any CPU
		{160D082D-0CBF-4FD8-B55E-6115021E0DCF}.Debug|Any CPU.Build.0 = Debug|Any CPU
		{160D082D-0CBF-4FD8-B55E-6115021E0DCF}.Release|Any CPU.ActiveCfg = Release|Any CPU
		{160D082D-0CBF-4FD8-B55E-6115021E0DCF}.Release|Any CPU.Build.0 = Release|Any CPU
		{5E8C6D29-E4AF-4682-80A5-6003A4558C69}.Debug|Any CPU.ActiveCfg = Debug|Any CPU
		{5E8C6D29-E4AF-4682-80A5-6003A4558C69}.Debug|Any CPU.Build.0 = Debug|Any CPU
		{5E8C6D29-E4AF-4682-80A5-6003A4558C69}.Release|Any CPU.ActiveCfg = Release|Any CPU
		{5E8C6D29-E4AF-4682-80A5-6003A4558C69}.Release|Any CPU.Build.0 = Release|Any CPU
		{1B45151E-73CC-405E-A2AB-CA2F996800B2}.Debug|Any CPU.ActiveCfg = Debug|Any CPU
		{1B45151E-73CC-405E-A2AB-CA2F996800B2}.Debug|Any CPU.Build.0 = Debug|Any CPU
		{1B45151E-73CC-405E-A2AB-CA2F996800B2}.Release|Any CPU.ActiveCfg = Release|Any CPU
		{1B45151E-73CC-405E-A2AB-CA2F996800B2}.Release|Any CPU.Build.0 = Release|Any CPU
		{C2831E3B-E810-4D9B-89DC-AD953EE65C5C}.Debug|Any CPU.ActiveCfg = Debug|Any CPU
		{C2831E3B-E810-4D9B-89DC-AD953EE65C5C}.Debug|Any CPU.Build.0 = Debug|Any CPU
		{C2831E3B-E810-4D9B-89DC-AD953EE65C5C}.Release|Any CPU.ActiveCfg = Release|Any CPU
		{C2831E3B-E810-4D9B-89DC-AD953EE65C5C}.Release|Any CPU.Build.0 = Release|Any CPU
		{CD9DC77A-87D2-4ADE-B412-56C2CC575453}.Debug|Any CPU.ActiveCfg = Debug|Any CPU
		{CD9DC77A-87D2-4ADE-B412-56C2CC575453}.Debug|Any CPU.Build.0 = Debug|Any CPU
		{CD9DC77A-87D2-4ADE-B412-56C2CC575453}.Release|Any CPU.ActiveCfg = Release|Any CPU
		{CD9DC77A-87D2-4ADE-B412-56C2CC575453}.Release|Any CPU.Build.0 = Release|Any CPU
		{3D74692E-8D49-4160-873B-79FCE4772DDC}.Debug|Any CPU.ActiveCfg = Debug|Any CPU
		{3D74692E-8D49-4160-873B-79FCE4772DDC}.Debug|Any CPU.Build.0 = Debug|Any CPU
		{3D74692E-8D49-4160-873B-79FCE4772DDC}.Release|Any CPU.ActiveCfg = Release|Any CPU
		{3D74692E-8D49-4160-873B-79FCE4772DDC}.Release|Any CPU.Build.0 = Release|Any CPU
		{80814731-FF0D-4E2C-9444-E0330FC7F09E}.Debug|Any CPU.ActiveCfg = Debug|Any CPU
		{80814731-FF0D-4E2C-9444-E0330FC7F09E}.Debug|Any CPU.Build.0 = Debug|Any CPU
		{80814731-FF0D-4E2C-9444-E0330FC7F09E}.Release|Any CPU.ActiveCfg = Release|Any CPU
		{80814731-FF0D-4E2C-9444-E0330FC7F09E}.Release|Any CPU.Build.0 = Release|Any CPU
		{EFE5D36D-7DC2-4EE4-A614-DC56BDB2D078}.Debug|Any CPU.ActiveCfg = Debug|Any CPU
		{EFE5D36D-7DC2-4EE4-A614-DC56BDB2D078}.Debug|Any CPU.Build.0 = Debug|Any CPU
		{EFE5D36D-7DC2-4EE4-A614-DC56BDB2D078}.Release|Any CPU.ActiveCfg = Release|Any CPU
		{EFE5D36D-7DC2-4EE4-A614-DC56BDB2D078}.Release|Any CPU.Build.0 = Release|Any CPU
		{C0807A5B-D26C-478A-9ECE-66016D508621}.Debug|Any CPU.ActiveCfg = Debug|Any CPU
		{C0807A5B-D26C-478A-9ECE-66016D508621}.Debug|Any CPU.Build.0 = Debug|Any CPU
		{C0807A5B-D26C-478A-9ECE-66016D508621}.Release|Any CPU.ActiveCfg = Release|Any CPU
		{C0807A5B-D26C-478A-9ECE-66016D508621}.Release|Any CPU.Build.0 = Release|Any CPU
		{C51A16D0-AC8A-45CC-9AE9-4456FA1983B8}.Debug|Any CPU.ActiveCfg = Debug|Any CPU
		{C51A16D0-AC8A-45CC-9AE9-4456FA1983B8}.Debug|Any CPU.Build.0 = Debug|Any CPU
		{C51A16D0-AC8A-45CC-9AE9-4456FA1983B8}.Release|Any CPU.ActiveCfg = Release|Any CPU
		{C51A16D0-AC8A-45CC-9AE9-4456FA1983B8}.Release|Any CPU.Build.0 = Release|Any CPU
		{61D28B9B-D7BC-4178-8D4A-DFBAF79246D7}.Debug|Any CPU.ActiveCfg = Debug|Any CPU
		{61D28B9B-D7BC-4178-8D4A-DFBAF79246D7}.Debug|Any CPU.Build.0 = Debug|Any CPU
		{61D28B9B-D7BC-4178-8D4A-DFBAF79246D7}.Release|Any CPU.ActiveCfg = Release|Any CPU
		{61D28B9B-D7BC-4178-8D4A-DFBAF79246D7}.Release|Any CPU.Build.0 = Release|Any CPU
		{EAB9822D-E5E0-4C4F-96EA-02312ED980E3}.Debug|Any CPU.ActiveCfg = Debug|Any CPU
		{EAB9822D-E5E0-4C4F-96EA-02312ED980E3}.Debug|Any CPU.Build.0 = Debug|Any CPU
		{EAB9822D-E5E0-4C4F-96EA-02312ED980E3}.Release|Any CPU.ActiveCfg = Release|Any CPU
		{EAB9822D-E5E0-4C4F-96EA-02312ED980E3}.Release|Any CPU.Build.0 = Release|Any CPU
	EndGlobalSection
	GlobalSection(SolutionProperties) = preSolution
		HideSolutionNode = FALSE
	EndGlobalSection
	GlobalSection(ExtensibilityGlobals) = postSolution
		SolutionGuid = {22165B87-C56D-415F-9612-E67C4BAA4930}
	EndGlobalSection
EndGlobal
